
Microsoft Visual Studio Solution File, Format Version 12.00
# Visual Studio Version 17
VisualStudioVersion = 17.5.33530.505
MinimumVisualStudioVersion = 10.0.40219.1
Project("{9A19103F-16F7-4668-BE54-9A1E7A4F7556}") = "RestSharpPoC", "RestSharpPoC\RestSharpPoC.csproj", "{52D3A96B-1573-4DCE-B903-FCE8D79ED2A4}"
EndProject
Project("{FAE04EC0-301F-11D3-BF4B-00C04F79EFBC}") = "ContractTestingPoC", "ContractTestingPoC\ContractTestingPoC.csproj", "{5D9AE564-BE22-4AC8-B0DF-8D690926AAB6}"
EndProject
Global
	GlobalSection(SolutionConfigurationPlatforms) = preSolution
		Debug|Any CPU = Debug|Any CPU
		Release|Any CPU = Release|Any CPU
	EndGlobalSection
	GlobalSection(ProjectConfigurationPlatforms) = postSolution
		{52D3A96B-1573-4DCE-B903-FCE8D79ED2A4}.Debug|Any CPU.ActiveCfg = Debug|Any CPU
		{52D3A96B-1573-4DCE-B903-FCE8D79ED2A4}.Debug|Any CPU.Build.0 = Debug|Any CPU
		{52D3A96B-1573-4DCE-B903-FCE8D79ED2A4}.Release|Any CPU.ActiveCfg = Release|Any CPU
		{52D3A96B-1573-4DCE-B903-FCE8D79ED2A4}.Release|Any CPU.Build.0 = Release|Any CPU
		{5D9AE564-BE22-4AC8-B0DF-8D690926AAB6}.Debug|Any CPU.ActiveCfg = Debug|Any CPU
		{5D9AE564-BE22-4AC8-B0DF-8D690926AAB6}.Debug|Any CPU.Build.0 = Debug|Any CPU
		{5D9AE564-BE22-4AC8-B0DF-8D690926AAB6}.Release|Any CPU.ActiveCfg = Release|Any CPU
		{5D9AE564-BE22-4AC8-B0DF-8D690926AAB6}.Release|Any CPU.Build.0 = Release|Any CPU
	EndGlobalSection
	GlobalSection(SolutionProperties) = preSolution
		HideSolutionNode = FALSE
	EndGlobalSection
	GlobalSection(ExtensibilityGlobals) = postSolution
		SolutionGuid = {59C4084D-2624-4E50-B0F6-DCF054091FB6}
	EndGlobalSection
EndGlobal
